hash: d0e71a184e06670d5beab53d2bb0799fb25b3b797cb1f6204afeb672adef2f38
updated: 2016-06-08T12:12:19.007728474-04:00
imports:
- name: github.com/docker/distribution
  version: feddf6cd4e439577ab270d8e3ba63a5d7c5c0d55
  subpackages:
  - reference
  - digest
- name: github.com/docker/engine-api
  version: 8d58f33176ac649812a9eaa237fcd3d35ef9e4da
  subpackages:
  - client
  - types
  - types/container
  - types/filters
  - client/transport
  - client/transport/cancellable
  - types/network
  - types/reference
  - types/registry
  - types/time
  - types/versions
  - types/blkiodev
  - types/strslice
- name: github.com/docker/go-connections
  version: 990a1a1a70b0da4c4cb70e117971a4f0babfbf1a
  subpackages:
  - nat
  - sockets
  - tlsconfig
- name: github.com/docker/go-units
  version: 09dda9d4b0d748c57c14048906d3d094a58ec0c9
- name: github.com/kobolog/gorb
  version: c876dee7c363eb6f4f2cc3a9d46b1bb5e0518ed5
  subpackages:
  - pulse
  - util
- name: github.com/Microsoft/go-winio
  version: 4f1a71750d95a5a8a46c40a67ffbed8129c2f138
- name: github.com/opencontainers/runc
  version: e34cb45a49beb83ababfa32df43b8e7e27f0ac51
  subpackages:
  - libcontainer/user
- name: github.com/Sirupsen/logrus
  version: f3cfb454f4c209e6668c95216c4744b8fddb2356
- name: golang.org/x/net
  version: 4876518f9e71663000c348837735820161a42df7
  subpackages:
  - context
  - proxy
- name: golang.org/x/sys
  version: 076b546753157f758b316e59bcb51e6807c04057
  subpackages:
  - unix
  - windows
- name: gopkg.in/urfave/cli.v2
  version: 3f702904c5bbdce408b9ddc511b94bbc4d919fcb
devImports: []
